Microsoft Visual Studio Solution File, Format Version 12.00
# Visual Studio Version 17
VisualStudioVersion = 17.13.35806.99
MinimumVisualStudioVersion = 10.0.40219.1
Project("{FAE04EC0-301F-11D3-BF4B-00C04F79EFBC}") = "CarggyAPI", "CarggyAPI\CarggyAPI.csproj", "{403DB0FD-F27D-40E8-B15F-356F4D57340C}"
EndProject
Global
	GlobalSection(SolutionConfigurationPlatforms) = preSolution
		Debug|Any CPU = Debug|Any CPU
		Release|Any CPU = Release|Any CPU
	EndGlobalSection
	GlobalSection(ProjectConfigurationPlatforms) = postSolution
		{403DB0FD-F27D-40E8-B15F-356F4D57340C}.Debug|Any CPU.ActiveCfg = Debug|Any CPU
		{403DB0FD-F27D-40E8-B15F-356F4D57340C}.Debug|Any CPU.Build.0 = Debug|Any CPU
		{403DB0FD-F27D-40E8-B15F-356F4D57340C}.Release|Any CPU.ActiveCfg = Release|Any CPU
		{403DB0FD-F27D-40E8-B15F-356F4D57340C}.Release|Any CPU.Build.0 = Release|Any CPU
	EndGlobalSection
	GlobalSection(SolutionProperties) = preSolution
		HideSolutionNode = FALSE
	EndGlobalSection
	GlobalSection(ExtensibilityGlobals) = postSolution
		SolutionGuid = {36E92F51-A2D6-408F-BB6D-875A3FEE44DA}
	EndGlobalSection
EndGlobal
